// !$*UTF8*$!
{
	archiveVersion = 1;
	classes = {
	};
	objectVersion = 56;
	objects = {

/* Begin PBXBuildFile section */
		647864AE2C1160F700758CE5 /* AppDelegate.swift in Sources */ = {isa = PBXBuildFile; fileRef = 647864AD2C1160F700758CE5 /* AppDelegate.swift */; };
		647864B02C1160F700758CE5 /* SceneDelegate.swift in Sources */ = {isa = PBXBuildFile; fileRef = 647864AF2C1160F700758CE5 /* SceneDelegate.swift */; };
		647864B22C1160F700758CE5 /* ViewController.swift in Sources */ = {isa = PBXBuildFile; fileRef = 647864B12C1160F700758CE5 /* ViewController.swift */; };
		647864B52C1160F700758CE5 /* Base in Resources */ = {isa = PBXBuildFile; fileRef = 647864B42C1160F700758CE5 /* Base */; };
		647864B72C1160F800758CE5 /* Assets.xcassets in Resources */ = {isa = PBXBuildFile; fileRef = 647864B62C1160F800758CE5 /* Assets.xcassets */; };
		647864BA2C1160F800758CE5 /* Base in Resources */ = {isa = PBXBuildFile; fileRef = 647864B92C1160F800758CE5 /* Base */; };
		647864C52C1160F800758CE5 /* QuickAndNimblePracticeTests.swift in Sources */ = {isa = PBXBuildFile; fileRef = 647864C42C1160F800758CE5 /* QuickAndNimblePracticeTests.swift */; };
		647864CF2C1160F800758CE5 /* QuickAndNimblePracticeUITests.swift in Sources */ = {isa = PBXBuildFile; fileRef = 647864CE2C1160F800758CE5 /* QuickAndNimblePracticeUITests.swift */; };
		647864D12C1160F800758CE5 /* QuickAndNimblePracticeUITestsLaunchTests.swift in Sources */ = {isa = PBXBuildFile; fileRef = 647864D02C1160F800758CE5 /* QuickAndNimblePracticeUITestsLaunchTests.swift */; };
/* End PBXBuildFile section */

/* Begin PBXContainerItemProxy section */
		647864C12C1160F800758CE5 /* PBXContainerItemProxy */ = {
			isa = PBXContainerItemProxy;
			containerPortal = 647864A22C1160F700758CE5 /* Project object */;
			proxyType = 1;
			remoteGlobalIDString = 647864A92C1160F700758CE5;
			remoteInfo = QuickAndNimblePractice;
		};
		647864CB2C1160F800758CE5 /* PBXContainerItemProxy */ = {
			isa = PBXContainerItemProxy;
			containerPortal = 647864A22C1160F700758CE5 /* Project object */;
			proxyType = 1;
			remoteGlobalIDString = 647864A92C1160F700758CE5;
			remoteInfo = QuickAndNimblePractice;
		};
/* End PBXContainerItemProxy section */

/* Begin PBXFileReference section */
		647864AA2C1160F700758CE5 /* QuickAndNimblePractice.app */ = {isa = PBXFileReference; explicitFileType = wrapper.application; includeInIndex = 0; path = QuickAndNimblePractice.app; sourceTree = BUILT_PRODUCTS_DIR; };
		647864AD2C1160F700758CE5 /* AppDelegate.swift */ = {isa = PBXFileReference; lastKnownFileType = sourcecode.swift; path = AppDelegate.swift; sourceTree = "<group>"; };
		647864AF2C1160F700758CE5 /* SceneDelegate.swift */ = {isa = PBXFileReference; lastKnownFileType = sourcecode.swift; path = SceneDelegate.swift; sourceTree = "<group>"; };
		647864B12C1160F700758CE5 /* ViewController.swift */ = {isa = PBXFileReference; lastKnownFileType = sourcecode.swift; path = ViewController.swift; sourceTree = "<group>"; };
		647864B42C1160F700758CE5 /* Base */ = {isa = PBXFileReference; lastKnownFileType = file.storyboard; name = Base; path = Base.lproj/Main.storyboard; sourceTree = "<group>"; };
		647864B62C1160F800758CE5 /* Assets.xcassets */ = {isa = PBXFileReference; lastKnownFileType = folder.assetcatalog; path = Assets.xcassets; sourceTree = "<group>"; };
		647864B92C1160F800758CE5 /* Base */ = {isa = PBXFileReference; lastKnownFileType = file.storyboard; name = Base; path = Base.lproj/LaunchScreen.storyboard; sourceTree = "<group>"; };
		647864BB2C1160F800758CE5 /* Info.plist */ = {isa = PBXFileReference; lastKnownFileType = text.plist.xml; path = Info.plist; sourceTree = "<group>"; };
		647864C02C1160F800758CE5 /* QuickAndNimblePracticeTests.xctest */ = {isa = PBXFileReference; explicitFileType = wrapper.cfbundle; includeInIndex = 0; path = QuickAndNimblePracticeTests.xctest; sourceTree = BUILT_PRODUCTS_DIR; };
		647864C42C1160F800758CE5 /* QuickAndNimblePracticeTests.swift */ = {isa = PBXFileReference; lastKnownFileType = sourcecode.swift; path = QuickAndNimblePracticeTests.swift; sourceTree = "<group>"; };
		647864CA2C1160F800758CE5 /* QuickAndNimblePracticeUITests.xctest */ = {isa = PBXFileReference; explicitFileType = wrapper.cfbundle; includeInIndex = 0; path = QuickAndNimblePracticeUITests.xctest; sourceTree = BUILT_PRODUCTS_DIR; };
		647864CE2C1160F800758CE5 /* QuickAndNimblePracticeUITests.swift */ = {isa = PBXFileReference; lastKnownFileType = sourcecode.swift; path = QuickAndNimblePracticeUITests.swift; sourceTree = "<group>"; };
		647864D02C1160F800758CE5 /* QuickAndNimblePracticeUITestsLaunchTests.swift */ = {isa = PBXFileReference; lastKnownFileType = sourcecode.swift; path = QuickAndNimblePracticeUITestsLaunchTests.swift; sourceTree = "<group>"; };
/* End PBXFileReference section */

/* Begin PBXFrameworksBuildPhase section */
		647864A72C1160F700758CE5 /* Frameworks */ = {
			isa = PBXFrameworksBuildPhase;
			buildActionMask = 2147483647;
			files = (
			);
			runOnlyForDeploymentPostprocessing = 0;
		};
		647864BD2C1160F800758CE5 /* Frameworks */ = {
			isa = PBXFrameworksBuildPhase;
			buildActionMask = 2147483647;
			files = (
			);
			runOnlyForDeploymentPostprocessing = 0;
		};
		647864C72C1160F800758CE5 /* Frameworks */ = {
			isa = PBXFrameworksBuildPhase;
			buildActionMask = 2147483647;
			files = (
			);
			runOnlyForDeploymentPostprocessing = 0;
		};
/* End PBXFrameworksBuildPhase section */

/* Begin PBXGroup section */
		647864A12C1160F700758CE5 = {
			isa = PBXGroup;
			children = (
				647864AC2C1160F700758CE5 /* QuickAndNimblePractice */,
				647864C32C1160F800758CE5 /* QuickAndNimblePracticeTests */,
				647864CD2C1160F800758CE5 /* QuickAndNimblePracticeUITests */,
				647864AB2C1160F700758CE5 /* Products */,
			);
			sourceTree = "<group>";
		};
		647864AB2C1160F700758CE5 /* Products */ = {
			isa = PBXGroup;
			children = (
				647864AA2C1160F700758CE5 /* QuickAndNimblePractice.app */,
				647864C02C1160F800758CE5 /* QuickAndNimblePracticeTests.xctest */,
				647864CA2C1160F800758CE5 /* QuickAndNimblePracticeUITests.xctest */,
			);
			name = Products;
			sourceTree = "<group>";
		};
		647864AC2C1160F700758CE5 /* QuickAndNimblePractice */ = {
			isa = PBXGroup;
			children = (
				647864AD2C1160F700758CE5 /* AppDelegate.swift */,
				647864AF2C1160F700758CE5 /* SceneDelegate.swift */,
				647864B12C1160F700758CE5 /* ViewController.swift */,
				647864B32C1160F700758CE5 /* Main.storyboard */,
				647864B62C1160F800758CE5 /* Assets.xcassets */,
				647864B82C1160F800758CE5 /* LaunchScreen.storyboard */,
				647864BB2C1160F800758CE5 /* Info.plist */,
			);
			path = QuickAndNimblePractice;
			sourceTree = "<group>";
		};
		647864C32C1160F800758CE5 /* QuickAndNimblePracticeTests */ = {
			isa = PBXGroup;
			children = (
				647864C42C1160F800758CE5 /* QuickAndNimblePracticeTests.swift */,
			);
			path = QuickAndNimblePracticeTests;
			sourceTree = "<group>";
		};
		647864CD2C1160F800758CE5 /* QuickAndNimblePracticeUITests */ = {
			isa = PBXGroup;
			children = (
				647864CE2C1160F800758CE5 /* QuickAndNimblePracticeUITests.swift */,
				647864D02C1160F800758CE5 /* QuickAndNimblePracticeUITestsLaunchTests.swift */,
			);
			path = QuickAndNimblePracticeUITests;
			sourceTree = "<group>";
		};
/* End PBXGroup section */

/* Begin PBXNativeTarget section */
		647864A92C1160F700758CE5 /* QuickAndNimblePractice */ = {
			isa = PBXNativeTarget;
			buildConfigurationList = 647864D42C1160F800758CE5 /* Build configuration list for PBXNativeTarget "QuickAndNimblePractice" */;
			buildPhases = (
				647864A62C1160F700758CE5 /* Sources */,
				647864A72C1160F700758CE5 /* Frameworks */,
				647864A82C1160F700758CE5 /* Resources */,
			);
			buildRules = (
			);
			dependencies = (
			);
			name = QuickAndNimblePractice;
			productName = QuickAndNimblePractice;
			productReference = 647864AA2C1160F700758CE5 /* QuickAndNimblePractice.app */;
			productType = "com.apple.product-type.application";
		};
		647864BF2C1160F800758CE5 /* QuickAndNimblePracticeTests */ = {
			isa = PBXNativeTarget;
			buildConfigurationList = 647864D72C1160F800758CE5 /* Build configuration list for PBXNativeTarget "QuickAndNimblePracticeTests" */;
			buildPhases = (
				647864BC2C1160F800758CE5 /* Sources */,
				647864BD2C1160F800758CE5 /* Frameworks */,
				647864BE2C1160F800758CE5 /* Resources */,
			);
			buildRules = (
			);
			dependencies = (
				647864C22C1160F800758CE5 /* PBXTargetDependency */,
			);
			name = QuickAndNimblePracticeTests;
			productName = QuickAndNimblePracticeTests;
			productReference = 647864C02C1160F800758CE5 /* QuickAndNimblePracticeTests.xctest */;
			productType = "com.apple.product-type.bundle.unit-test";
		};
		647864C92C1160F800758CE5 /* QuickAndNimblePracticeUITests */ = {
			isa = PBXNativeTarget;
			buildConfigurationList = 647864DA2C1160F800758CE5 /* Build configuration list for PBXNativeTarget "QuickAndNimblePracticeUITests" */;
			buildPhases = (
				647864C62C1160F800758CE5 /* Sources */,
				647864C72C1160F800758CE5 /* Frameworks */,
				647864C82C1160F800758CE5 /* Resources */,
			);
			buildRules = (
			);
			dependencies = (
				647864CC2C1160F800758CE5 /* PBXTargetDependency */,
			);
			name = QuickAndNimblePracticeUITests;
			productName = QuickAndNimblePracticeUITests;
			productReference = 647864CA2C1160F800758CE5 /* QuickAndNimblePracticeUITests.xctest */;
			productType = "com.apple.product-type.bundle.ui-testing";
		};
/* End PBXNativeTarget section */

/* Begin PBXProject section */
		647864A22C1160F700758CE5 /* Project object */ = {
			isa = PBXProject;
			attributes = {
				BuildIndependentTargetsInParallel = 1;
				LastSwiftUpdateCheck = 1530;
				LastUpgradeCheck = 1530;
				TargetAttributes = {
					647864A92C1160F700758CE5 = {
						CreatedOnToolsVersion = 15.3;
					};
					647864BF2C1160F800758CE5 = {
						CreatedOnToolsVersion = 15.3;
						TestTargetID = 647864A92C1160F700758CE5;
					};
					647864C92C1160F800758CE5 = {
						CreatedOnToolsVersion = 15.3;
						TestTargetID = 647864A92C1160F700758CE5;
					};
				};
			};
			buildConfigurationList = 647864A52C1160F700758CE5 /* Build configuration list for PBXProject "QuickAndNimblePractice" */;
			compatibilityVersion = "Xcode 14.0";
			developmentRegion = en;
			hasScannedForEncodings = 0;
			knownRegions = (
				en,
				Base,
			);
			mainGroup = 647864A12C1160F700758CE5;
			packageReferences = (
				647864DD2C1164A700758CE5 /* XCRemoteSwiftPackageReference "Nimble" */,
			);
			productRefGroup = 647864AB2C1160F700758CE5 /* Products */;
			projectDirPath = "";
			projectRoot = "";
			targets = (
				647864A92C1160F700758CE5 /* QuickAndNimblePractice */,
				647864BF2C1160F800758CE5 /* QuickAndNimblePracticeTests */,
				647864C92C1160F800758CE5 /* QuickAndNimblePracticeUITests */,
			);
		};
/* End PBXProject section */

/* Begin PBXResourcesBuildPhase section */
		647864A82C1160F700758CE5 /* Resources */ = {
			isa = PBXResourcesBuildPhase;
			buildActionMask = 2147483647;
			files = (
				647864B72C1160F800758CE5 /* Assets.xcassets in Resources */,
				647864BA2C1160F800758CE5 /* Base in Resources */,
				647864B52C1160F700758CE5 /* Base in Resources */,
			);
			runOnlyForDeploymentPostprocessing = 0;
		};
		647864BE2C1160F800758CE5 /* Resources */ = {
			isa = PBXResourcesBuildPhase;
			buildActionMask = 2147483647;
			files = (
			);
			runOnlyForDeploymentPostprocessing = 0;
		};
		647864C82C1160F800758CE5 /* Resources */ = {
			isa = PBXResourcesBuildPhase;
			buildActionMask = 2147483647;
			files = (
			);
			runOnlyForDeploymentPostprocessing = 0;
		};
/* End PBXResourcesBuildPhase section */

/* Begin PBXSourcesBuildPhase section */
		647864A62C1160F700758CE5 /* Sources */ = {
			isa = PBXSourcesBuildPhase;
			buildActionMask = 2147483647;
			files = (
				647864B22C1160F700758CE5 /* ViewController.swift in Sources */,
				647864AE2C1160F700758CE5 /* AppDelegate.swift in Sources */,
				647864B02C1160F700758CE5 /* SceneDelegate.swift in Sources */,
			);
			runOnlyForDeploymentPostprocessing = 0;
		};
		647864BC2C1160F800758CE5 /* Sources */ = {
			isa = PBXSourcesBuildPhase;
			buildActionMask = 2147483647;
			files = (
				647864C52C1160F800758CE5 /* QuickAndNimblePracticeTests.swift in Sources */,
			);
			runOnlyForDeploymentPostprocessing = 0;
		};
		647864C62C1160F800758CE5 /* Sources */ = {
			isa = PBXSourcesBuildPhase;
			buildActionMask = 2147483647;
			files = (
				647864D12C1160F800758CE5 /* QuickAndNimblePracticeUITestsLaunchTests.swift in Sources */,
				647864CF2C1160F800758CE5 /* QuickAndNimblePracticeUITests.swift in Sources */,
			);
			runOnlyForDeploymentPostprocessing = 0;
		};
/* End PBXSourcesBuildPhase section */

/* Begin PBXTargetDependency section */
		647864C22C1160F800758CE5 /* PBXTargetDependency */ = {
			isa = PBXTargetDependency;
			target = 647864A92C1160F700758CE5 /* QuickAndNimblePractice */;
			targetProxy = 647864C12C1160F800758CE5 /* PBXContainerItemProxy */;
		};
		647864CC2C1160F800758CE5 /* PBXTargetDependency */ = {
			isa = PBXTargetDependency;
			target = 647864A92C1160F700758CE5 /* QuickAndNimblePractice */;
			targetProxy = 647864CB2C1160F800758CE5 /* PBXContainerItemProxy */;
		};
/* End PBXTargetDependency section */

/* Begin PBXVariantGroup section */
		647864B32C1160F700758CE5 /* Main.storyboard */ = {
			isa = PBXVariantGroup;
			children = (
				647864B42C1160F700758CE5 /* Base */,
			);
			name = Main.storyboard;
			sourceTree = "<group>";
		};
		647864B82C1160F800758CE5 /* LaunchScreen.storyboard */ = {
			isa = PBXVariantGroup;
			children = (
				647864B92C1160F800758CE5 /* Base */,
			);
			name = LaunchScreen.storyboard;
			sourceTree = "<group>";
		};
/* End PBXVariantGroup section */

/* Begin XCBuildConfiguration section */
		647864D22C1160F800758CE5 /* Debug */ = {
			isa = XCBuildConfiguration;
			buildSettings = {
				ALWAYS_SEARCH_USER_PATHS = NO;
				ASSETCATALOG_COMPILER_GENERATE_SWIFT_ASSET_SYMBOL_EXTENSIONS = YES;
				CLANG_ANALYZER_NONNULL = YES;
				CLANG_ANALYZER_NUMBER_OBJECT_CONVERSION = YES_AGGRESSIVE;
				CLANG_CXX_LANGUAGE_STANDARD = "gnu++20";
				CLANG_ENABLE_MODULES = YES;
				CLANG_ENABLE_OBJC_ARC = YES;
				CLANG_ENABLE_OBJC_WEAK = YES;
				CLANG_WARN_BLOCK_CAPTURE_AUTORELEASING = YES;
				CLANG_WARN_BOOL_CONVERSION = YES;
				CLANG_WARN_COMMA = YES;
				CLANG_WARN_CONSTANT_CONVERSION = YES;
				CLANG_WARN_DEPRECATED_OBJC_IMPLEMENTATIONS = YES;
				CLANG_WARN_DIRECT_OBJC_ISA_USAGE = YES_ERROR;
				CLANG_WARN_DOCUMENTATION_COMMENTS = YES;
				CLANG_WARN_EMPTY_BODY = YES;
				CLANG_WARN_ENUM_CONVERSION = YES;
				CLANG_WARN_INFINITE_RECURSION = YES;
				CLANG_WARN_INT_CONVERSION = YES;
				CLANG_WARN_NON_LITERAL_NULL_CONVERSION = YES;
				CLANG_WARN_OBJC_IMPLICIT_RETAIN_SELF = YES;
				CLANG_WARN_OBJC_LITERAL_CONVERSION = YES;
				CLANG_WARN_OBJC_ROOT_CLASS = YES_ERROR;
				CLANG_WARN_QUOTED_INCLUDE_IN_FRAMEWORK_HEADER = YES;
				CLANG_WARN_RANGE_LOOP_ANALYSIS = YES;
				CLANG_WARN_STRICT_PROTOTYPES = YES;
				CLANG_WARN_SUSPICIOUS_MOVE = YES;
				CLANG_WARN_UNGUARDED_AVAILABILITY = YES_AGGRESSIVE;
				CLANG_WARN_UNREACHABLE_CODE = YES;
				CLANG_WARN__DUPLICATE_METHOD_MATCH = YES;
				COPY_PHASE_STRIP = NO;
				DEBUG_INFORMATION_FORMAT = dwarf;
				ENABLE_STRICT_OBJC_MSGSEND = YES;
				ENABLE_TESTABILITY = YES;
				ENABLE_USER_SCRIPT_SANDBOXING = YES;
				GCC_C_LANGUAGE_STANDARD = gnu17;
				GCC_DYNAMIC_NO_PIC = NO;
				GCC_NO_COMMON_BLOCKS = YES;
				GCC_OPTIMIZATION_LEVEL = 0;
				GCC_PREPROCESSOR_DEFINITIONS = (
					"DEBUG=1",
					"$(inherited)",
				);
				GCC_WARN_64_TO_32_BIT_CONVERSION = YES;
				GCC_WARN_ABOUT_RETURN_TYPE = YES_ERROR;
				GCC_WARN_UNDECLARED_SELECTOR = YES;
				GCC_WARN_UNINITIALIZED_AUTOS = YES_AGGRESSIVE;
				GCC_WARN_UNUSED_FUNCTION = YES;
				GCC_WARN_UNUSED_VARIABLE = YES;
				IPHONEOS_DEPLOYMENT_TARGET = 17.4;
				LOCALIZATION_PREFERS_STRING_CATALOGS = YES;
				MTL_ENABLE_DEBUG_INFO = INCLUDE_SOURCE;
				MTL_FAST_MATH = YES;
				ONLY_ACTIVE_ARCH = YES;
				SDKROOT = iphoneos;
				SWIFT_ACTIVE_COMPILATION_CONDITIONS = "DEBUG $(inherited)";
				SWIFT_OPTIMIZATION_LEVEL = "-Onone";
			};
			name = Debug;
		};
		647864D32C1160F800758CE5 /* Release */ = {
			isa = XCBuildConfiguration;
			buildSettings = {
				ALWAYS_SEARCH_USER_PATHS = NO;
				ASSETCATALOG_COMPILER_GENERATE_SWIFT_ASSET_SYMBOL_EXTENSIONS = YES;
				CLANG_ANALYZER_NONNULL = YES;
				CLANG_ANALYZER_NUMBER_OBJECT_CONVERSION = YES_AGGRESSIVE;
				CLANG_CXX_LANGUAGE_STANDARD = "gnu++20";
				CLANG_ENABLE_MODULES = YES;
				CLANG_ENABLE_OBJC_ARC = YES;
				CLANG_ENABLE_OBJC_WEAK = YES;
				CLANG_WARN_BLOCK_CAPTURE_AUTORELEASING = YES;
				CLANG_WARN_BOOL_CONVERSION = YES;
				CLANG_WARN_COMMA = YES;
				CLANG_WARN_CONSTANT_CONVERSION = YES;
				CLANG_WARN_DEPRECATED_OBJC_IMPLEMENTATIONS = YES;
				CLANG_WARN_DIRECT_OBJC_ISA_USAGE = YES_ERROR;
				CLANG_WARN_DOCUMENTATION_COMMENTS = YES;
				CLANG_WARN_EMPTY_BODY = YES;
				CLANG_WARN_ENUM_CONVERSION = YES;
				CLANG_WARN_INFINITE_RECURSION = YES;
				CLANG_WARN_INT_CONVERSION = YES;
				CLANG_WARN_NON_LITERAL_NULL_CONVERSION = YES;
				CLANG_WARN_OBJC_IMPLICIT_RETAIN_SELF = YES;
				CLANG_WARN_OBJC_LITERAL_CONVERSION = YES;
				CLANG_WARN_OBJC_ROOT_CLASS = YES_ERROR;
				CLANG_WARN_QUOTED_INCLUDE_IN_FRAMEWORK_HEADER = YES;
				CLANG_WARN_RANGE_LOOP_ANALYSIS = YES;
				CLANG_WARN_STRICT_PROTOTYPES = YES;
				CLANG_WARN_SUSPICIOUS_MOVE = YES;
				CLANG_WARN_UNGUARDED_AVAILABILITY = YES_AGGRESSIVE;
				CLANG_WARN_UNREACHABLE_CODE = YES;
				CLANG_WARN__DUPLICATE_METHOD_MATCH = YES;
				COPY_PHASE_STRIP = NO;
				DEBUG_INFORMATION_FORMAT = "dwarf-with-dsym";
				ENABLE_NS_ASSERTIONS = NO;
				ENABLE_STRICT_OBJC_MSGSEND = YES;
				ENABLE_USER_SCRIPT_SANDBOXING = YES;
				GCC_C_LANGUAGE_STANDARD = gnu17;
				GCC_NO_COMMON_BLOCKS = YES;
				GCC_WARN_64_TO_32_BIT_CONVERSION = YES;
				GCC_WARN_ABOUT_RETURN_TYPE = YES_ERROR;
				GCC_WARN_UNDECLARED_SELECTOR = YES;
				GCC_WARN_UNINITIALIZED_AUTOS = YES_AGGRESSIVE;
				GCC_WARN_UNUSED_FUNCTION = YES;
				GCC_WARN_UNUSED_VARIABLE = YES;
				IPHONEOS_DEPLOYMENT_TARGET = 17.4;
				LOCALIZATION_PREFERS_STRING_CATALOGS = YES;
				MTL_ENABLE_DEBUG_INFO = NO;
				MTL_FAST_MATH = YES;
				SDKROOT = iphoneos;
				SWIFT_COMPILATION_MODE = wholemodule;
				VALIDATE_PRODUCT = YES;
			};
			name = Release;
		};
		647864D52C1160F800758CE5 /* Debug */ = {
			isa = XCBuildConfiguration;
			buildSettings = {
				ASSETCATALOG_COMPILER_APPICON_NAME = AppIcon;
				ASSETCATALOG_COMPILER_GLOBAL_ACCENT_COLOR_NAME = AccentColor;
				CODE_SIGN_STYLE = Automatic;
				CURRENT_PROJECT_VERSION = 1;
				DEVELOPMENT_TEAM = QCS2J62LCS;
				GENERATE_INFOPLIST_FILE = YES;
				INFOPLIST_FILE = QuickAndNimblePractice/Info.plist;
				INFOPLIST_KEY_UIApplicationSupportsIndirectInputEvents = YES;
				INFOPLIST_KEY_UILaunchStoryboardName = LaunchScreen;
				INFOPLIST_KEY_UIMainStoryboardFile = Main;
				INFOPLIST_KEY_UISupportedInterfaceOrientations_iPad = "UIInterfaceOrientationPortrait UIInterfaceOrientationPortraitUpsideDown UIInterfaceOrientationLandscapeLeft UIInterfaceOrientationLandscapeRight";
				INFOPLIST_KEY_UISupportedInterfaceOrientations_iPhone = "UIInterfaceOrientationPortrait UIInterfaceOrientationLandscapeLeft UIInterfaceOrientationLandscapeRight";
				LD_RUNPATH_SEARCH_PATHS = (
					"$(inherited)",
					"@executable_path/Frameworks",
				);
				MARKETING_VERSION = 1.0;
				PRODUCT_BUNDLE_IDENTIFIER = liu.tzu.yu.EssentialStudyPractice.test.QuickAndNimblePractice;
				PRODUCT_NAME = "$(TARGET_NAME)";
				SWIFT_EMIT_LOC_STRINGS = YES;
				SWIFT_VERSION = 5.0;
				TARGETED_DEVICE_FAMILY = "1,2";
			};
			name = Debug;
		};
		647864D62C1160F800758CE5 /* Release */ = {
			isa = XCBuildConfiguration;
			buildSettings = {
				ASSETCATALOG_COMPILER_APPICON_NAME = AppIcon;
				ASSETCATALOG_COMPILER_GLOBAL_ACCENT_COLOR_NAME = AccentColor;
				CODE_SIGN_STYLE = Automatic;
				CURRENT_PROJECT_VERSION = 1;
				DEVELOPMENT_TEAM = QCS2J62LCS;
				GENERATE_INFOPLIST_FILE = YES;
				INFOPLIST_FILE = QuickAndNimblePractice/Info.plist;
				INFOPLIST_KEY_UIApplicationSupportsIndirectInputEvents = YES;
				INFOPLIST_KEY_UILaunchStoryboardName = LaunchScreen;
				INFOPLIST_KEY_UIMainStoryboardFile = Main;
				INFOPLIST_KEY_UISupportedInterfaceOrientations_iPad = "UIInterfaceOrientationPortrait UIInterfaceOrientationPortraitUpsideDown UIInterfaceOrientationLandscapeLeft UIInterfaceOrientationLandscapeRight";
				INFOPLIST_KEY_UISupportedInterfaceOrientations_iPhone = "UIInterfaceOrientationPortrait UIInterfaceOrientationLandscapeLeft UIInterfaceOrientationLandscapeRight";
				LD_RUNPATH_SEARCH_PATHS = (
					"$(inherited)",
					"@executable_path/Frameworks",
				);
				MARKETING_VERSION = 1.0;
				PRODUCT_BUNDLE_IDENTIFIER = liu.tzu.yu.EssentialStudyPractice.test.QuickAndNimblePractice;
				PRODUCT_NAME = "$(TARGET_NAME)";
				SWIFT_EMIT_LOC_STRINGS = YES;
				SWIFT_VERSION = 5.0;
				TARGETED_DEVICE_FAMILY = "1,2";
			};
			name = Release;
		};
		647864D82C1160F800758CE5 /* Debug */ = {
			isa = XCBuildConfiguration;
			buildSettings = {
				ALWAYS_EMBED_SWIFT_STANDARD_LIBRARIES = YES;
				BUNDLE_LOADER = "$(TEST_HOST)";
				CODE_SIGN_STYLE = Automatic;
				CURRENT_PROJECT_VERSION = 1;
				DEVELOPMENT_TEAM = QCS2J62LCS;
				GENERATE_INFOPLIST_FILE = YES;
				IPHONEOS_DEPLOYMENT_TARGET = 17.4;
				MARKETING_VERSION = 1.0;
				PRODUCT_BUNDLE_IDENTIFIER = liu.tzu.yu.EssentialStudyPractice.test.QuickAndNimblePracticeTests;
				PRODUCT_NAME = "$(TARGET_NAME)";
				SWIFT_EMIT_LOC_STRINGS = NO;
				SWIFT_VERSION = 5.0;
				TARGETED_DEVICE_FAMILY = "1,2";
				TEST_HOST = "$(BUILT_PRODUCTS_DIR)/QuickAndNimblePractice.app/$(BUNDLE_EXECUTABLE_FOLDER_PATH)/QuickAndNimblePractice";
			};
			name = Debug;
		};
		647864D92C1160F800758CE5 /* Release */ = {
			isa = XCBuildConfiguration;
			buildSettings = {
				ALWAYS_EMBED_SWIFT_STANDARD_LIBRARIES = YES;
				BUNDLE_LOADER = "$(TEST_HOST)";
				CODE_SIGN_STYLE = Automatic;
				CURRENT_PROJECT_VERSION = 1;
				DEVELOPMENT_TEAM = QCS2J62LCS;
				GENERATE_INFOPLIST_FILE = YES;
				IPHONEOS_DEPLOYMENT_TARGET = 17.4;
				MARKETING_VERSION = 1.0;
				PRODUCT_BUNDLE_IDENTIFIER = liu.tzu.yu.EssentialStudyPractice.test.QuickAndNimblePracticeTests;
				PRODUCT_NAME = "$(TARGET_NAME)";
				SWIFT_EMIT_LOC_STRINGS = NO;
				SWIFT_VERSION = 5.0;
				TARGETED_DEVICE_FAMILY = "1,2";
				TEST_HOST = "$(BUILT_PRODUCTS_DIR)/QuickAndNimblePractice.app/$(BUNDLE_EXECUTABLE_FOLDER_PATH)/QuickAndNimblePractice";
			};
			name = Release;
		};
		647864DB2C1160F800758CE5 /* Debug */ = {
			isa = XCBuildConfiguration;
			buildSettings = {
				ALWAYS_EMBED_SWIFT_STANDARD_LIBRARIES = YES;
				CODE_SIGN_STYLE = Automatic;
				CURRENT_PROJECT_VERSION = 1;
				DEVELOPMENT_TEAM = QCS2J62LCS;
				GENERATE_INFOPLIST_FILE = YES;
				MARKETING_VERSION = 1.0;
				PRODUCT_BUNDLE_IDENTIFIER = liu.tzu.yu.EssentialStudyPractice.test.QuickAndNimblePracticeUITests;
				PRODUCT_NAME = "$(TARGET_NAME)";
				SWIFT_EMIT_LOC_STRINGS = NO;
				SWIFT_VERSION = 5.0;
				TARGETED_DEVICE_FAMILY = "1,2";
				TEST_TARGET_NAME = QuickAndNimblePractice;
			};
			name = Debug;
		};
		647864DC2C1160F800758CE5 /* Release */ = {
			isa = XCBuildConfiguration;
			buildSettings = {
				ALWAYS_EMBED_SWIFT_STANDARD_LIBRARIES = YES;
				CODE_SIGN_STYLE = Automatic;
				CURRENT_PROJECT_VERSION = 1;
				DEVELOPMENT_TEAM = QCS2J62LCS;
				GENERATE_INFOPLIST_FILE = YES;
				MARKETING_VERSION = 1.0;
				PRODUCT_BUNDLE_IDENTIFIER = liu.tzu.yu.EssentialStudyPractice.test.QuickAndNimblePracticeUITests;
				PRODUCT_NAME = "$(TARGET_NAME)";
				SWIFT_EMIT_LOC_STRINGS = NO;
				SWIFT_VERSION = 5.0;
				TARGETED_DEVICE_FAMILY = "1,2";
				TEST_TARGET_NAME = QuickAndNimblePractice;
			};
			name = Release;
		};
/* End XCBuildConfiguration section */

/* Begin XCConfigurationList section */
		647864A52C1160F700758CE5 /* Build configuration list for PBXProject "QuickAndNimblePractice" */ = {
			isa = XCConfigurationList;
			buildConfigurations = (
				647864D22C1160F800758CE5 /* Debug */,
				647864D32C1160F800758CE5 /* Release */,
			);
			defaultConfigurationIsVisible = 0;
			defaultConfigurationName = Release;
		};
		647864D42C1160F800758CE5 /* Build configuration list for PBXNativeTarget "QuickAndNimblePractice" */ = {
			isa = XCConfigurationList;
			buildConfigurations = (
				647864D52C1160F800758CE5 /* Debug */,
				647864D62C1160F800758CE5 /* Release */,
			);
			defaultConfigurationIsVisible = 0;
			defaultConfigurationName = Release;
		};
		647864D72C1160F800758CE5 /* Build configuration list for PBXNativeTarget "QuickAndNimblePracticeTests" */ = {
			isa = XCConfigurationList;
			buildConfigurations = (
				647864D82C1160F800758CE5 /* Debug */,
				647864D92C1160F800758CE5 /* Release */,
			);
			defaultConfigurationIsVisible = 0;
			defaultConfigurationName = Release;
		};
		647864DA2C1160F800758CE5 /* Build configuration list for PBXNativeTarget "QuickAndNimblePracticeUITests" */ = {
			isa = XCConfigurationList;
			buildConfigurations = (
				647864DB2C1160F800758CE5 /* Debug */,
				647864DC2C1160F800758CE5 /* Release */,
			);
			defaultConfigurationIsVisible = 0;
			defaultConfigurationName = Release;
		};
/* End XCConfigurationList section */

/* Begin XCRemoteSwiftPackageReference section */
		647864DD2C1164A700758CE5 /* XCRemoteSwiftPackageReference "Nimble" */ = {
			isa = XCRemoteSwiftPackageReference;
			repositoryURL = "https://github.com/Quick/Nimble.git";
			requirement = {
				branch = main;
				kind = branch;
			};
		};
/* End XCRemoteSwiftPackageReference section */
	};
	rootObject = 647864A22C1160F700758CE5 /* Project object */;
}
